
Microsoft Visual Studio Solution File, Format Version 12.00
# Visual Studio Version 17
VisualStudioVersion = 17.1.32421.90
MinimumVisualStudioVersion = 10.0.40219.1
Project("{FAE04EC0-301F-11D3-BF4B-00C04F79EFBC}") = "StacksAndQueues", "StacksAndQueues\StacksAndQueues.csproj", "{590BB3E7-B260-4955-A760-22E683501B8E}"
EndProject
Global
	GlobalSection(SolutionConfigurationPlatforms) = preSolution
		Debug|Any CPU = Debug|Any CPU
		Release|Any CPU = Release|Any CPU
	EndGlobalSection
	GlobalSection(ProjectConfigurationPlatforms) = postSolution
		{590BB3E7-B260-4955-A760-22E683501B8E}.Debug|Any CPU.ActiveCfg = Debug|Any CPU
		{590BB3E7-B260-4955-A760-22E683501B8E}.Debug|Any CPU.Build.0 = Debug|Any CPU
		{590BB3E7-B260-4955-A760-22E683501B8E}.Release|Any CPU.ActiveCfg = Release|Any CPU
		{590BB3E7-B260-4955-A760-22E683501B8E}.Release|Any CPU.Build.0 = Release|Any CPU
	EndGlobalSection
	GlobalSection(SolutionProperties) = preSolution
		HideSolutionNode = FALSE
	EndGlobalSection
	GlobalSection(ExtensibilityGlobals) = postSolution
		SolutionGuid = {D4CEAE0E-757B-405A-A8D3-4446E97D789D}
	EndGlobalSection
EndGlobal
